
Microsoft Visual Studio Solution File, Format Version 12.00
# Visual Studio Version 17
VisualStudioVersion = 17.9.34622.214
MinimumVisualStudioVersion = 10.0.40219.1
Project("{FAE04EC0-301F-11D3-BF4B-00C04F79EFBC}") = "Apisicily", "Apisicily\Apisicily.csproj", "{99576E28-07CF-4639-9B0A-4270E7081321}"
EndProject
Global
	GlobalSection(SolutionConfigurationPlatforms) = preSolution
		Debug|Any CPU = Debug|Any CPU
		Release|Any CPU = Release|Any CPU
	EndGlobalSection
	GlobalSection(ProjectConfigurationPlatforms) = postSolution
		{99576E28-07CF-4639-9B0A-4270E7081321}.Debug|Any CPU.ActiveCfg = Debug|Any CPU
		{99576E28-07CF-4639-9B0A-4270E7081321}.Debug|Any CPU.Build.0 = Debug|Any CPU
		{99576E28-07CF-4639-9B0A-4270E7081321}.Debug|Any CPU.Deploy.0 = Debug|Any CPU
		{99576E28-07CF-4639-9B0A-4270E7081321}.Release|Any CPU.ActiveCfg = Release|Any CPU
		{99576E28-07CF-4639-9B0A-4270E7081321}.Release|Any CPU.Build.0 = Release|Any CPU
		{99576E28-07CF-4639-9B0A-4270E7081321}.Release|Any CPU.Deploy.0 = Release|Any CPU
	EndGlobalSection
	GlobalSection(SolutionProperties) = preSolution
		HideSolutionNode = FALSE
	EndGlobalSection
	GlobalSection(ExtensibilityGlobals) = postSolution
		SolutionGuid = {B2DFF0AD-A9CB-465E-8952-88344599E591}
	EndGlobalSection
EndGlobal
